# DO NOT EDIT MANUALLY - Managed by Fern Replay
version: "1.0"
generations:
  - commit_sha: 7408732b6d9e525741d846dafc42dee99374e822
    tree_hash: 9f09d52a44e7d32cc965b85d16bd1b9d2603ea0a
    timestamp: 2026-05-19T19:37:22.288Z
    cli_version: unknown
    generator_versions: {}
current_generation: 7408732b6d9e525741d846dafc42dee99374e822
patches: []
