# DO NOT EDIT MANUALLY - Managed by Fern Replay
version: "1.0"
generations:
  - commit_sha: 5c4e3352c4339112826e375aad2110f9f6a54e40
    tree_hash: 028dc6ceedb40cf2b486362ffd82749d53d8ad92
    timestamp: 2026-05-25T13:39:51.358Z
    cli_version: unknown
    generator_versions: {}
current_generation: 5c4e3352c4339112826e375aad2110f9f6a54e40
patches: []
